// !$*UTF8*$!
{
	archiveVersion = 1;
	classes = {
	};
	objectVersion = 46;
	objects = {

/* Begin PBXBuildFile section */
		23100A0C1A1F2D1700DE06DD /* libgtest_main.a in Frameworks */ = {isa = PBXBuildFile; fileRef = 23FE66CD1A1F206B005C7568 /* libgtest_main.a */; };
		23100A0D1A1F2D1700DE06DD /* libgtest.a in Frameworks */ = {isa = PBXBuildFile; fileRef = 23FE66CB1A1F206B005C7568 /* libgtest.a */; };
		2326AB021A297B0C00B96F18 /* db.cc in Sources */ = {isa = PBXBuildFile; fileRef = 2326AAF41A297B0C00B96F18 /* db.cc */; };
		2326AB031A297B0C00B96F18 /* options.cc in Sources */ = {isa = PBXBuildFile; fileRef = 2326AAF71A297B0C00B96F18 /* options.cc */; };
		2326AB041A297B0C00B96F18 /* read_options.cc in Sources */ = {isa = PBXBuildFile; fileRef = 2326AAF91A297B0C00B96F18 /* read_options.cc */; };
		2326AB051A297B0C00B96F18 /* status.cc in Sources */ = {isa = PBXBuildFile; fileRef = 2326AAFC1A297B0C00B96F18 /* status.cc */; };
		2326AB061A297B0C00B96F18 /* write_options.cc in Sources */ = {isa = PBXBuildFile; fileRef = 2326AB001A297B0C00B96F18 /* write_options.cc */; };
		2380F6271A106F3B00B1EA97 /* base_test.cc in Sources */ = {isa = PBXBuildFile; fileRef = 2380F6261A106F3B00B1EA97 /* base_test.cc */; };
		23FE66DB1A1F2284005C7568 /* libglog.a in Frameworks */ = {isa = PBXBuildFile; fileRef = 23FE66B91A1F2051005C7568 /* libglog.a */; };
/* End PBXBuildFile section */

/* Begin PBXContainerItemProxy section */
		23FE66B81A1F2051005C7568 /* PBXContainerItemProxy */ = {
			isa = PBXContainerItemProxy;
			containerPortal = 23FE66B31A1F2051005C7568 /* glog.xcodeproj */;
			proxyType = 2;
			remoteGlobalIDString = 238B4E371A1F1660006AA916;
			remoteInfo = libglog;
		};
		23FE66BA1A1F2051005C7568 /* PBXContainerItemProxy */ = {
			isa = PBXContainerItemProxy;
			containerPortal = 23FE66B31A1F2051005C7568 /* glog.xcodeproj */;
			proxyType = 2;
			remoteGlobalIDString = 238B4EAC1A1F1B40006AA916;
			remoteInfo = glog;
		};
		23FE66C81A1F206B005C7568 /* PBXContainerItemProxy */ = {
			isa = PBXContainerItemProxy;
			containerPortal = 23FE66BC1A1F206B005C7568 /* gtest.xcodeproj */;
			proxyType = 2;
			remoteGlobalIDString = 4539C8FF0EC27F6400A70F4C;
			remoteInfo = "gtest-framework";
		};
		23FE66CA1A1F206B005C7568 /* PBXContainerItemProxy */ = {
			isa = PBXContainerItemProxy;
			containerPortal = 23FE66BC1A1F206B005C7568 /* gtest.xcodeproj */;
			proxyType = 2;
			remoteGlobalIDString = 40C848FA101A209C0083642A;
			remoteInfo = "gtest-static";
		};
		23FE66CC1A1F206B005C7568 /* PBXContainerItemProxy */ = {
			isa = PBXContainerItemProxy;
			containerPortal = 23FE66BC1A1F206B005C7568 /* gtest.xcodeproj */;
			proxyType = 2;
			remoteGlobalIDString = 40C8490B101A217E0083642A;
			remoteInfo = "gtest_main-static";
		};
		23FE66CE1A1F206B005C7568 /* PBXContainerItemProxy */ = {
			isa = PBXContainerItemProxy;
			containerPortal = 23FE66BC1A1F206B005C7568 /* gtest.xcodeproj */;
			proxyType = 2;
			remoteGlobalIDString = 40899F430FFA7184000B29AE;
			remoteInfo = "gtest_unittest-framework";
		};
		23FE66D01A1F206B005C7568 /* PBXContainerItemProxy */ = {
			isa = PBXContainerItemProxy;
			containerPortal = 23FE66BC1A1F206B005C7568 /* gtest.xcodeproj */;
			proxyType = 2;
			remoteGlobalIDString = 40C84987101A36850083642A;
			remoteInfo = "gtest_unittest-static";
		};
		23FE66D21A1F206B005C7568 /* PBXContainerItemProxy */ = {
			isa = PBXContainerItemProxy;
			containerPortal = 23FE66BC1A1F206B005C7568 /* gtest.xcodeproj */;
			proxyType = 2;
			remoteGlobalIDString = 4089A0130FFACEFC000B29AE;
			remoteInfo = "sample1_unittest-framework";
		};
		23FE66D41A1F206B005C7568 /* PBXContainerItemProxy */ = {
			isa = PBXContainerItemProxy;
			containerPortal = 23FE66BC1A1F206B005C7568 /* gtest.xcodeproj */;
			proxyType = 2;
			remoteGlobalIDString = 40C84997101A36A60083642A;
			remoteInfo = "sample1_unittest-static";
		};
		23FE66D61A1F2084005C7568 /* PBXContainerItemProxy */ = {
			isa = PBXContainerItemProxy;
			containerPortal = 23FE66BC1A1F206B005C7568 /* gtest.xcodeproj */;
			proxyType = 1;
			remoteGlobalIDString = 8D07F2BC0486CC7A007CD1D0;
			remoteInfo = "gtest-framework";
		};
		23FE66D81A1F208E005C7568 /* PBXContainerItemProxy */ = {
			isa = PBXContainerItemProxy;
			containerPortal = 23FE66B31A1F2051005C7568 /* glog.xcodeproj */;
			proxyType = 1;
			remoteGlobalIDString = 238B4EAB1A1F1B40006AA916;
			remoteInfo = glog;
		};
/* End PBXContainerItemProxy section */

/* Begin PBXCopyFilesBuildPhase section */
		23BF0D0F19A742EE0040E1CE /* CopyFiles */ = {
			isa = PBXCopyFilesBuildPhase;
			buildActionMask = 2147483647;
			dstPath = /usr/share/man/man1/;
			dstSubfolderSpec = 0;
			files = (
			);
			runOnlyForDeploymentPostprocessing = 1;
		};
/* End PBXCopyFilesBuildPhase section */

/* Begin PBXFileReference section */
		2326AAF31A297B0C00B96F18 /* comparator.h */ = {isa = PBXFileReference; fileEncoding = 4; lastKnownFileType = sourcecode.c.h; name = comparator.h; path = src/yukinodb/comparator.h; sourceTree = SOURCE_ROOT; };
		2326AAF41A297B0C00B96F18 /* db.cc */ = {isa = PBXFileReference; fileEncoding = 4; lastKnownFileType = sourcecode.cpp.cpp; name = db.cc; path = src/yukinodb/db.cc; sourceTree = SOURCE_ROOT; };
		2326AAF51A297B0C00B96F18 /* db.h */ = {isa = PBXFileReference; fileEncoding = 4; lastKnownFileType = sourcecode.c.h; name = db.h; path = src/yukinodb/db.h; sourceTree = SOURCE_ROOT; };
		2326AAF61A297B0C00B96F18 /* env.h */ = {isa = PBXFileReference; fileEncoding = 4; lastKnownFileType = sourcecode.c.h; name = env.h; path = src/yukinodb/env.h; sourceTree = SOURCE_ROOT; };
		2326AAF71A297B0C00B96F18 /* options.cc */ = {isa = PBXFileReference; fileEncoding = 4; lastKnownFileType = sourcecode.cpp.cpp; name = options.cc; path = src/yukinodb/options.cc; sourceTree = SOURCE_ROOT; };
		2326AAF81A297B0C00B96F18 /* options.h */ = {isa = PBXFileReference; fileEncoding = 4; lastKnownFileType = sourcecode.c.h; name = options.h; path = src/yukinodb/options.h; sourceTree = SOURCE_ROOT; };
		2326AAF91A297B0C00B96F18 /* read_options.cc */ = {isa = PBXFileReference; fileEncoding = 4; lastKnownFileType = sourcecode.cpp.cpp; name = read_options.cc; path = src/yukinodb/read_options.cc; sourceTree = SOURCE_ROOT; };
		2326AAFA1A297B0C00B96F18 /* read_options.h */ = {isa = PBXFileReference; fileEncoding = 4; lastKnownFileType = sourcecode.c.h; name = read_options.h; path = src/yukinodb/read_options.h; sourceTree = SOURCE_ROOT; };
		2326AAFB1A297B0C00B96F18 /* slice.h */ = {isa = PBXFileReference; fileEncoding = 4; lastKnownFileType = sourcecode.c.h; name = slice.h; path = src/yukinodb/slice.h; sourceTree = SOURCE_ROOT; };
		2326AAFC1A297B0C00B96F18 /* status.cc */ = {isa = PBXFileReference; fileEncoding = 4; lastKnownFileType = sourcecode.cpp.cpp; name = status.cc; path = src/yukinodb/status.cc; sourceTree = SOURCE_ROOT; };
		2326AAFD1A297B0C00B96F18 /* status.h */ = {isa = PBXFileReference; fileEncoding = 4; lastKnownFileType = sourcecode.c.h; name = status.h; path = src/yukinodb/status.h; sourceTree = SOURCE_ROOT; };
		2326AAFE1A297B0C00B96F18 /* utils.h */ = {isa = PBXFileReference; fileEncoding = 4; lastKnownFileType = sourcecode.c.h; name = utils.h; path = src/yukinodb/utils.h; sourceTree = SOURCE_ROOT; };
		2326AAFF1A297B0C00B96F18 /* write_batch.h */ = {isa = PBXFileReference; fileEncoding = 4; lastKnownFileType = sourcecode.c.h; name = write_batch.h; path = src/yukinodb/write_batch.h; sourceTree = SOURCE_ROOT; };
		2326AB001A297B0C00B96F18 /* write_options.cc */ = {isa = PBXFileReference; fileEncoding = 4; lastKnownFileType = sourcecode.cpp.cpp; name = write_options.cc; path = src/yukinodb/write_options.cc; sourceTree = SOURCE_ROOT; };
		2326AB011A297B0C00B96F18 /* write_options.h */ = {isa = PBXFileReference; fileEncoding = 4; lastKnownFileType = sourcecode.c.h; name = write_options.h; path = src/yukinodb/write_options.h; sourceTree = SOURCE_ROOT; };
		2380F6261A106F3B00B1EA97 /* base_test.cc */ = {isa = PBXFileReference; fileEncoding = 4; lastKnownFileType = sourcecode.cpp.cpp; name = base_test.cc; path = src/base/base_test.cc; sourceTree = SOURCE_ROOT; };
		23BF0D1119A742EE0040E1CE /* unittest */ = {isa = PBXFileReference; explicitFileType = "compiled.mach-o.executable"; includeInIndex = 0; path = unittest; sourceTree = BUILT_PRODUCTS_DIR; };
		23FE66B31A1F2051005C7568 /* glog.xcodeproj */ = {isa = PBXFileReference; lastKnownFileType = "wrapper.pb-project"; name = glog.xcodeproj; path = third_party/glog/xcode/glog.xcodeproj; sourceTree = "<group>"; };
		23FE66BC1A1F206B005C7568 /* gtest.xcodeproj */ = {isa = PBXFileReference; lastKnownFileType = "wrapper.pb-project"; name = gtest.xcodeproj; path = third_party/gtest/xcode/gtest.xcodeproj; sourceTree = "<group>"; };
/* End PBXFileReference section */

/* Begin PBXFrameworksBuildPhase section */
		23BF0D0E19A742EE0040E1CE /* Frameworks */ = {
			isa = PBXFrameworksBuildPhase;
			buildActionMask = 2147483647;
			files = (
				23100A0C1A1F2D1700DE06DD /* libgtest_main.a in Frameworks */,
				23100A0D1A1F2D1700DE06DD /* libgtest.a in Frameworks */,
				23FE66DB1A1F2284005C7568 /* libglog.a in Frameworks */,
			);
			runOnlyForDeploymentPostprocessing = 0;
		};
/* End PBXFrameworksBuildPhase section */

/* Begin PBXGroup section */
		2326AAD61A26D7E700B96F18 /* yukinodb */ = {
			isa = PBXGroup;
			children = (
				2326AAF31A297B0C00B96F18 /* comparator.h */,
				2326AAF41A297B0C00B96F18 /* db.cc */,
				2326AAF51A297B0C00B96F18 /* db.h */,
				2326AAF61A297B0C00B96F18 /* env.h */,
				2326AAF71A297B0C00B96F18 /* options.cc */,
				2326AAF81A297B0C00B96F18 /* options.h */,
				2326AAF91A297B0C00B96F18 /* read_options.cc */,
				2326AAFA1A297B0C00B96F18 /* read_options.h */,
				2326AAFB1A297B0C00B96F18 /* slice.h */,
				2326AAFC1A297B0C00B96F18 /* status.cc */,
				2326AAFD1A297B0C00B96F18 /* status.h */,
				2326AAFE1A297B0C00B96F18 /* utils.h */,
				2326AAFF1A297B0C00B96F18 /* write_batch.h */,
				2326AB001A297B0C00B96F18 /* write_options.cc */,
				2326AB011A297B0C00B96F18 /* write_options.h */,
			);
			name = yukinodb;
			path = src/yukinodb;
			sourceTree = "<group>";
		};
		23BF0D0119A7410E0040E1CE = {
			isa = PBXGroup;
			children = (
				23FE66BC1A1F206B005C7568 /* gtest.xcodeproj */,
				23FE66B31A1F2051005C7568 /* glog.xcodeproj */,
				23BF0D0819A741FD0040E1CE /* src */,
				23BF0D1319A742EE0040E1CE /* unittest */,
				23BF0D1219A742EE0040E1CE /* Products */,
			);
			sourceTree = "<group>";
		};
		23BF0D0819A741FD0040E1CE /* src */ = {
			isa = PBXGroup;
			children = (
				2326AAD61A26D7E700B96F18 /* yukinodb */,
				23BF0D0C19A741FD0040E1CE /* third_party */,
			);
			name = src;
			path = ../src;
			sourceTree = "<group>";
		};
		23BF0D0C19A741FD0040E1CE /* third_party */ = {
			isa = PBXGroup;
			children = (
			);
			path = third_party;
			sourceTree = "<group>";
		};
		23BF0D1219A742EE0040E1CE /* Products */ = {
			isa = PBXGroup;
			children = (
				23BF0D1119A742EE0040E1CE /* unittest */,
			);
			name = Products;
			sourceTree = "<group>";
		};
		23BF0D1319A742EE0040E1CE /* unittest */ = {
			isa = PBXGroup;
			children = (
				2380F6261A106F3B00B1EA97 /* base_test.cc */,
			);
			path = unittest;
			sourceTree = "<group>";
		};
		23FE66B41A1F2051005C7568 /* Products */ = {
			isa = PBXGroup;
			children = (
				23FE66B91A1F2051005C7568 /* libglog.a */,
				23FE66BB1A1F2051005C7568 /* glog.framework */,
			);
			name = Products;
			sourceTree = "<group>";
		};
		23FE66BD1A1F206B005C7568 /* Products */ = {
			isa = PBXGroup;
			children = (
				23FE66C91A1F206B005C7568 /* gtest.framework */,
				23FE66CB1A1F206B005C7568 /* libgtest.a */,
				23FE66CD1A1F206B005C7568 /* libgtest_main.a */,
				23FE66CF1A1F206B005C7568 /* gtest_unittest-framework */,
				23FE66D11A1F206B005C7568 /* gtest_unittest */,
				23FE66D31A1F206B005C7568 /* sample1_unittest-framework */,
				23FE66D51A1F206B005C7568 /* sample1_unittest-static */,
			);
			name = Products;
			sourceTree = "<group>";
		};
/* End PBXGroup section */

/* Begin PBXNativeTarget section */
		23BF0D1019A742EE0040E1CE /* unittest */ = {
			isa = PBXNativeTarget;
			buildConfigurationList = 23BF0D1819A742EE0040E1CE /* Build configuration list for PBXNativeTarget "unittest" */;
			buildPhases = (
				23BF0D0D19A742EE0040E1CE /* Sources */,
				23BF0D0E19A742EE0040E1CE /* Frameworks */,
				23BF0D0F19A742EE0040E1CE /* CopyFiles */,
			);
			buildRules = (
			);
			dependencies = (
				23FE66D91A1F208E005C7568 /* PBXTargetDependency */,
				23FE66D71A1F2084005C7568 /* PBXTargetDependency */,
			);
			name = unittest;
			productName = unittest;
			productReference = 23BF0D1119A742EE0040E1CE /* unittest */;
			productType = "com.apple.product-type.tool";
		};
/* End PBXNativeTarget section */

/* Begin PBXProject section */
		23BF0D0219A7410E0040E1CE /* Project object */ = {
			isa = PBXProject;
			attributes = {
				LastUpgradeCheck = 0610;
			};
			buildConfigurationList = 23BF0D0519A7410E0040E1CE /* Build configuration list for PBXProject "YukinoDB" */;
			compatibilityVersion = "Xcode 3.2";
			developmentRegion = English;
			hasScannedForEncodings = 0;
			knownRegions = (
				en,
			);
			mainGroup = 23BF0D0119A7410E0040E1CE;
			productRefGroup = 23BF0D1219A742EE0040E1CE /* Products */;
			projectDirPath = "";
			projectReferences = (
				{
					ProductGroup = 23FE66B41A1F2051005C7568 /* Products */;
					ProjectRef = 23FE66B31A1F2051005C7568 /* glog.xcodeproj */;
				},
				{
					ProductGroup = 23FE66BD1A1F206B005C7568 /* Products */;
					ProjectRef = 23FE66BC1A1F206B005C7568 /* gtest.xcodeproj */;
				},
			);
			projectRoot = "";
			targets = (
				23BF0D1019A742EE0040E1CE /* unittest */,
			);
		};
/* End PBXProject section */

/* Begin PBXReferenceProxy section */
		23FE66B91A1F2051005C7568 /* libglog.a */ = {
			isa = PBXReferenceProxy;
			fileType = archive.ar;
			path = libglog.a;
			remoteRef = 23FE66B81A1F2051005C7568 /* PBXContainerItemProxy */;
			sourceTree = BUILT_PRODUCTS_DIR;
		};
		23FE66BB1A1F2051005C7568 /* glog.framework */ = {
			isa = PBXReferenceProxy;
			fileType = wrapper.framework;
			path = glog.framework;
			remoteRef = 23FE66BA1A1F2051005C7568 /* PBXContainerItemProxy */;
			sourceTree = BUILT_PRODUCTS_DIR;
		};
		23FE66C91A1F206B005C7568 /* gtest.framework */ = {
			isa = PBXReferenceProxy;
			fileType = wrapper.framework;
			path = gtest.framework;
			remoteRef = 23FE66C81A1F206B005C7568 /* PBXContainerItemProxy */;
			sourceTree = BUILT_PRODUCTS_DIR;
		};
		23FE66CB1A1F206B005C7568 /* libgtest.a */ = {
			isa = PBXReferenceProxy;
			fileType = archive.ar;
			path = libgtest.a;
			remoteRef = 23FE66CA1A1F206B005C7568 /* PBXContainerItemProxy */;
			sourceTree = BUILT_PRODUCTS_DIR;
		};
		23FE66CD1A1F206B005C7568 /* libgtest_main.a */ = {
			isa = PBXReferenceProxy;
			fileType = archive.ar;
			path = libgtest_main.a;
			remoteRef = 23FE66CC1A1F206B005C7568 /* PBXContainerItemProxy */;
			sourceTree = BUILT_PRODUCTS_DIR;
		};
		23FE66CF1A1F206B005C7568 /* gtest_unittest-framework */ = {
			isa = PBXReferenceProxy;
			fileType = "compiled.mach-o.executable";
			path = "gtest_unittest-framework";
			remoteRef = 23FE66CE1A1F206B005C7568 /* PBXContainerItemProxy */;
			sourceTree = BUILT_PRODUCTS_DIR;
		};
		23FE66D11A1F206B005C7568 /* gtest_unittest */ = {
			isa = PBXReferenceProxy;
			fileType = "compiled.mach-o.executable";
			path = gtest_unittest;
			remoteRef = 23FE66D01A1F206B005C7568 /* PBXContainerItemProxy */;
			sourceTree = BUILT_PRODUCTS_DIR;
		};
		23FE66D31A1F206B005C7568 /* sample1_unittest-framework */ = {
			isa = PBXReferenceProxy;
			fileType = "compiled.mach-o.executable";
			path = "sample1_unittest-framework";
			remoteRef = 23FE66D21A1F206B005C7568 /* PBXContainerItemProxy */;
			sourceTree = BUILT_PRODUCTS_DIR;
		};
		23FE66D51A1F206B005C7568 /* sample1_unittest-static */ = {
			isa = PBXReferenceProxy;
			fileType = "compiled.mach-o.executable";
			path = "sample1_unittest-static";
			remoteRef = 23FE66D41A1F206B005C7568 /* PBXContainerItemProxy */;
			sourceTree = BUILT_PRODUCTS_DIR;
		};
/* End PBXReferenceProxy section */

/* Begin PBXSourcesBuildPhase section */
		23BF0D0D19A742EE0040E1CE /* Sources */ = {
			isa = PBXSourcesBuildPhase;
			buildActionMask = 2147483647;
			files = (
				2380F6271A106F3B00B1EA97 /* base_test.cc in Sources */,
				2326AB051A297B0C00B96F18 /* status.cc in Sources */,
				2326AB031A297B0C00B96F18 /* options.cc in Sources */,
				2326AB041A297B0C00B96F18 /* read_options.cc in Sources */,
				2326AB061A297B0C00B96F18 /* write_options.cc in Sources */,
				2326AB021A297B0C00B96F18 /* db.cc in Sources */,
			);
			runOnlyForDeploymentPostprocessing = 0;
		};
/* End PBXSourcesBuildPhase section */

/* Begin PBXTargetDependency section */
		23FE66D71A1F2084005C7568 /* PBXTargetDependency */ = {
			isa = PBXTargetDependency;
			name = "gtest-framework";
			targetProxy = 23FE66D61A1F2084005C7568 /* PBXContainerItemProxy */;
		};
		23FE66D91A1F208E005C7568 /* PBXTargetDependency */ = {
			isa = PBXTargetDependency;
			name = glog;
			targetProxy = 23FE66D81A1F208E005C7568 /* PBXContainerItemProxy */;
		};
/* End PBXTargetDependency section */

/* Begin XCBuildConfiguration section */
		23BF0D0619A7410E0040E1CE /* Debug */ = {
			isa = XCBuildConfiguration;
			buildSettings = {
				ONLY_ACTIVE_ARCH = YES;
				USER_HEADER_SEARCH_PATHS = ./src;
			};
			name = Debug;
		};
		23BF0D0719A7410E0040E1CE /* Release */ = {
			isa = XCBuildConfiguration;
			buildSettings = {
				USER_HEADER_SEARCH_PATHS = ./src;
			};
			name = Release;
		};
		23BF0D1919A742EE0040E1CE /* Debug */ = {
			isa = XCBuildConfiguration;
			buildSettings = {
				ALWAYS_SEARCH_USER_PATHS = NO;
				CLANG_CXX_LANGUAGE_STANDARD = "gnu++0x";
				CLANG_CXX_LIBRARY = "libstdc++";
				CLANG_ENABLE_MODULES = YES;
				CLANG_ENABLE_OBJC_ARC = YES;
				CLANG_WARN_BOOL_CONVERSION = YES;
				CLANG_WARN_CONSTANT_CONVERSION = YES;
				CLANG_WARN_DIRECT_OBJC_ISA_USAGE = YES_ERROR;
				CLANG_WARN_EMPTY_BODY = YES;
				CLANG_WARN_ENUM_CONVERSION = YES;
				CLANG_WARN_INT_CONVERSION = YES;
				CLANG_WARN_OBJC_ROOT_CLASS = YES_ERROR;
				CLANG_WARN__DUPLICATE_METHOD_MATCH = YES;
				COPY_PHASE_STRIP = NO;
				GCC_C_LANGUAGE_STANDARD = gnu99;
				GCC_DYNAMIC_NO_PIC = NO;
				GCC_ENABLE_OBJC_EXCEPTIONS = YES;
				GCC_OPTIMIZATION_LEVEL = 0;
				GCC_PREPROCESSOR_DEFINITIONS = (
					"DEBUG=1",
					"$(inherited)",
				);
				GCC_SYMBOLS_PRIVATE_EXTERN = NO;
				GCC_WARN_64_TO_32_BIT_CONVERSION = YES;
				GCC_WARN_ABOUT_RETURN_TYPE = YES_ERROR;
				GCC_WARN_UNDECLARED_SELECTOR = YES;
				GCC_WARN_UNINITIALIZED_AUTOS = YES_AGGRESSIVE;
				GCC_WARN_UNUSED_FUNCTION = YES;
				GCC_WARN_UNUSED_VARIABLE = YES;
				MACOSX_DEPLOYMENT_TARGET = 10.9;
				ONLY_ACTIVE_ARCH = YES;
				PRODUCT_NAME = "$(TARGET_NAME)";
				SDKROOT = macosx;
			};
			name = Debug;
		};
		23BF0D1A19A742EE0040E1CE /* Release */ = {
			isa = XCBuildConfiguration;
			buildSettings = {
				ALWAYS_SEARCH_USER_PATHS = NO;
				CLANG_CXX_LANGUAGE_STANDARD = "gnu++0x";
				CLANG_CXX_LIBRARY = "libstdc++";
				CLANG_ENABLE_MODULES = YES;
				CLANG_ENABLE_OBJC_ARC = YES;
				CLANG_WARN_BOOL_CONVERSION = YES;
				CLANG_WARN_CONSTANT_CONVERSION = YES;
				CLANG_WARN_DIRECT_OBJC_ISA_USAGE = YES_ERROR;
				CLANG_WARN_EMPTY_BODY = YES;
				CLANG_WARN_ENUM_CONVERSION = YES;
				CLANG_WARN_INT_CONVERSION = YES;
				CLANG_WARN_OBJC_ROOT_CLASS = YES_ERROR;
				CLANG_WARN__DUPLICATE_METHOD_MATCH = YES;
				COPY_PHASE_STRIP = YES;
				DEBUG_INFORMATION_FORMAT = "dwarf-with-dsym";
				ENABLE_NS_ASSERTIONS = NO;
				GCC_C_LANGUAGE_STANDARD = gnu99;
				GCC_ENABLE_OBJC_EXCEPTIONS = YES;
				GCC_WARN_64_TO_32_BIT_CONVERSION = YES;
				GCC_WARN_ABOUT_RETURN_TYPE = YES_ERROR;
				GCC_WARN_UNDECLARED_SELECTOR = YES;
				GCC_WARN_UNINITIALIZED_AUTOS = YES_AGGRESSIVE;
				GCC_WARN_UNUSED_FUNCTION = YES;
				GCC_WARN_UNUSED_VARIABLE = YES;
				MACOSX_DEPLOYMENT_TARGET = 10.9;
				PRODUCT_NAME = "$(TARGET_NAME)";
				SDKROOT = macosx;
			};
			name = Release;
		};
/* End XCBuildConfiguration section */

/* Begin XCConfigurationList section */
		23BF0D0519A7410E0040E1CE /* Build configuration list for PBXProject "YukinoDB" */ = {
			isa = XCConfigurationList;
			buildConfigurations = (
				23BF0D0619A7410E0040E1CE /* Debug */,
				23BF0D0719A7410E0040E1CE /* Release */,
			);
			defaultConfigurationIsVisible = 0;
			defaultConfigurationName = Release;
		};
		23BF0D1819A742EE0040E1CE /* Build configuration list for PBXNativeTarget "unittest" */ = {
			isa = XCConfigurationList;
			buildConfigurations = (
				23BF0D1919A742EE0040E1CE /* Debug */,
				23BF0D1A19A742EE0040E1CE /* Release */,
			);
			defaultConfigurationIsVisible = 0;
			defaultConfigurationName = Release;
		};
/* End XCConfigurationList section */
	};
	rootObject = 23BF0D0219A7410E0040E1CE /* Project object */;
}
